Microsoft Visual Studio Solution File, Format Version 11.00
# Visual Studio 2008

Project("{5CC28F31-113E-C7CD-7E54-6B836CCAE2B9}") = "Energy", "Assembly-CSharp.csproj", "{BB5B824E-2CF1-057C-7342-BFED74DAACBA}"
EndProject
Project("{5CC28F31-113E-C7CD-7E54-6B836CCAE2B9}") = "Energy", "Assembly-CSharp-Editor.csproj", "{69F14321-0010-9323-DFF5-66AA34E57590}"
EndProject
Global
	GlobalSection(SolutionConfigurationPlatforms) = preSolution
		Debug|Any CPU = Debug|Any CPU
		Release|Any CPU = Release|Any CPU
	EndGlobalSection
	GlobalSection(ProjectConfigurationPlatforms) = postSolution
		{BB5B824E-2CF1-057C-7342-BFED74DAACBA}.Debug|Any CPU.ActiveCfg = Debug|Any CPU
		{BB5B824E-2CF1-057C-7342-BFED74DAACBA}.Debug|Any CPU.Build.0 = Debug|Any CPU
		{BB5B824E-2CF1-057C-7342-BFED74DAACBA}.Release|Any CPU.ActiveCfg = Release|Any CPU
		{BB5B824E-2CF1-057C-7342-BFED74DAACBA}.Release|Any CPU.Build.0 = Release|Any CPU
		{69F14321-0010-9323-DFF5-66AA34E57590}.Debug|Any CPU.ActiveCfg = Debug|Any CPU
		{69F14321-0010-9323-DFF5-66AA34E57590}.Debug|Any CPU.Build.0 = Debug|Any CPU
		{69F14321-0010-9323-DFF5-66AA34E57590}.Release|Any CPU.ActiveCfg = Release|Any CPU
		{69F14321-0010-9323-DFF5-66AA34E57590}.Release|Any CPU.Build.0 = Release|Any CPU
	EndGlobalSection
	GlobalSection(SolutionProperties) = preSolution
		HideSolutionNode = FALSE
	EndGlobalSection
	GlobalSection(MonoDevelopProperties) = preSolution
		StartupItem = Assembly-CSharp.csproj
	EndGlobalSection
EndGlobal
